<?xml version="1.0" encoding="utf-8"?>
<Project ToolsVersion="15.0" xmlns="http://schemas.microsoft.com/developer/msbuild/2003">
  <ItemGroup>
    <ClCompile Include="C:\Users\ADM\Desktop\labs\mp2-lab3-stack\test\test_main.cpp">
      <Filter>Source Files</Filter>
    </ClCompile>
    <ClCompile Include="tests.cpp">
      <Filter>Source Files</Filter>
    </ClCompile>
  </ItemGroup>
  <ItemGroup>
    <CustomBuild Include="C:\Users\ADM\Desktop\labs\mp2-lab3-stack\test\CMakeLists.txt" />
  </ItemGroup>
  <ItemGroup>
    <Filter Include="Source Files">
      <UniqueIdentifier>{BADBE26D-30F2-3D2C-8DA3-A89E03CD91DA}</UniqueIdentifier>
    </Filter>
  </ItemGroup>
</Project>