Microsoft Visual Studio Solution File, Format Version 12.00
# Visual Studio 15
Project("{8BC9CEB8-8B4A-11D0-8D11-00A0C91BC942}") = "ALL_BUILD", "ALL_BUILD.vcxproj", "{544BECFC-FDFB-380E-BAA9-5ADC5D665510}"
	ProjectSection(ProjectDependencies) = postProject
		{05BBD3D9-B0E9-3F7F-8B4F-AD281FD390ED} = {05BBD3D9-B0E9-3F7F-8B4F-AD281FD390ED}
		{8253CE6A-E53B-3F10-A0FE-667CBDA826F7} = {8253CE6A-E53B-3F10-A0FE-667CBDA826F7}
		{8C465612-C70D-3CC4-8B31-CFF7E4110FEE} = {8C465612-C70D-3CC4-8B31-CFF7E4110FEE}
		{1ED428EE-E4E6-30CE-AE97-CC49585CFAC5} = {1ED428EE-E4E6-30CE-AE97-CC49585CFAC5}
		{62145741-CB26-3A2C-9547-F8199E9111A1} = {62145741-CB26-3A2C-9547-F8199E9111A1}
	EndProjectSection
EndProject
Project("{8BC9CEB8-8B4A-11D0-8D11-00A0C91BC942}") = "ZERO_CHECK", "ZERO_CHECK.vcxproj", "{05BBD3D9-B0E9-3F7F-8B4F-AD281FD390ED}"
	ProjectSection(ProjectDependencies) = postProject
	EndProjectSection
EndProject
Project("{8BC9CEB8-8B4A-11D0-8D11-00A0C91BC942}") = "gtest", "gtest\gtest.vcxproj", "{8253CE6A-E53B-3F10-A0FE-667CBDA826F7}"
	ProjectSection(ProjectDependencies) = postProject
		{05BBD3D9-B0E9-3F7F-8B4F-AD281FD390ED} = {05BBD3D9-B0E9-3F7F-8B4F-AD281FD390ED}
	EndProjectSection
EndProject
Project("{8BC9CEB8-8B4A-11D0-8D11-00A0C91BC942}") = "main", "samples\main.vcxproj", "{8C465612-C70D-3CC4-8B31-CFF7E4110FEE}"
	ProjectSection(ProjectDependencies) = postProject
		{05BBD3D9-B0E9-3F7F-8B4F-AD281FD390ED} = {05BBD3D9-B0E9-3F7F-8B4F-AD281FD390ED}
		{1ED428EE-E4E6-30CE-AE97-CC49585CFAC5} = {1ED428EE-E4E6-30CE-AE97-CC49585CFAC5}
	EndProjectSection
EndProject
Project("{8BC9CEB8-8B4A-11D0-8D11-00A0C91BC942}") = "stack", "src\stack.vcxproj", "{1ED428EE-E4E6-30CE-AE97-CC49585CFAC5}"
	ProjectSection(ProjectDependencies) = postProject
		{05BBD3D9-B0E9-3F7F-8B4F-AD281FD390ED} = {05BBD3D9-B0E9-3F7F-8B4F-AD281FD390ED}
	EndProjectSection
EndProject
Project("{8BC9CEB8-8B4A-11D0-8D11-00A0C91BC942}") = "test_stack", "test\test_stack.vcxproj", "{62145741-CB26-3A2C-9547-F8199E9111A1}"
	ProjectSection(ProjectDependencies) = postProject
		{05BBD3D9-B0E9-3F7F-8B4F-AD281FD390ED} = {05BBD3D9-B0E9-3F7F-8B4F-AD281FD390ED}
		{8253CE6A-E53B-3F10-A0FE-667CBDA826F7} = {8253CE6A-E53B-3F10-A0FE-667CBDA826F7}
		{1ED428EE-E4E6-30CE-AE97-CC49585CFAC5} = {1ED428EE-E4E6-30CE-AE97-CC49585CFAC5}
	EndProjectSection
EndProject
Global
	GlobalSection(SolutionConfigurationPlatforms) = preSolution
		Debug|Win32 = Debug|Win32
		Release|Win32 = Release|Win32
	EndGlobalSection
	GlobalSection(ProjectConfigurationPlatforms) = postSolution
		{544BECFC-FDFB-380E-BAA9-5ADC5D665510}.Debug|Win32.ActiveCfg = Debug|Win32
		{544BECFC-FDFB-380E-BAA9-5ADC5D665510}.Release|Win32.ActiveCfg = Release|Win32
		{05BBD3D9-B0E9-3F7F-8B4F-AD281FD390ED}.Debug|Win32.ActiveCfg = Debug|Win32
		{05BBD3D9-B0E9-3F7F-8B4F-AD281FD390ED}.Debug|Win32.Build.0 = Debug|Win32
		{05BBD3D9-B0E9-3F7F-8B4F-AD281FD390ED}.Release|Win32.ActiveCfg = Release|Win32
		{05BBD3D9-B0E9-3F7F-8B4F-AD281FD390ED}.Release|Win32.Build.0 = Release|Win32
		{8253CE6A-E53B-3F10-A0FE-667CBDA826F7}.Debug|Win32.ActiveCfg = Debug|Win32
		{8253CE6A-E53B-3F10-A0FE-667CBDA826F7}.Debug|Win32.Build.0 = Debug|Win32
		{8253CE6A-E53B-3F10-A0FE-667CBDA826F7}.Release|Win32.ActiveCfg = Release|Win32
		{8253CE6A-E53B-3F10-A0FE-667CBDA826F7}.Release|Win32.Build.0 = Release|Win32
		{8C465612-C70D-3CC4-8B31-CFF7E4110FEE}.Debug|Win32.ActiveCfg = Debug|Win32
		{8C465612-C70D-3CC4-8B31-CFF7E4110FEE}.Debug|Win32.Build.0 = Debug|Win32
		{8C465612-C70D-3CC4-8B31-CFF7E4110FEE}.Release|Win32.ActiveCfg = Release|Win32
		{8C465612-C70D-3CC4-8B31-CFF7E4110FEE}.Release|Win32.Build.0 = Release|Win32
		{1ED428EE-E4E6-30CE-AE97-CC49585CFAC5}.Debug|Win32.ActiveCfg = Debug|Win32
		{1ED428EE-E4E6-30CE-AE97-CC49585CFAC5}.Debug|Win32.Build.0 = Debug|Win32
		{1ED428EE-E4E6-30CE-AE97-CC49585CFAC5}.Release|Win32.ActiveCfg = Release|Win32
		{1ED428EE-E4E6-30CE-AE97-CC49585CFAC5}.Release|Win32.Build.0 = Release|Win32
		{62145741-CB26-3A2C-9547-F8199E9111A1}.Debug|Win32.ActiveCfg = Debug|Win32
		{62145741-CB26-3A2C-9547-F8199E9111A1}.Debug|Win32.Build.0 = Debug|Win32
		{62145741-CB26-3A2C-9547-F8199E9111A1}.Release|Win32.ActiveCfg = Release|Win32
		{62145741-CB26-3A2C-9547-F8199E9111A1}.Release|Win32.Build.0 = Release|Win32
	EndGlobalSection
	GlobalSection(ExtensibilityGlobals) = postSolution
		SolutionGuid = {2671A1F1-AC49-3DC2-B49F-24B3E74AFDE6}
	EndGlobalSection
	GlobalSection(ExtensibilityAddIns) = postSolution
	EndGlobalSection
EndGlobal
