<?xml version="1.0" encoding="utf-8"?>
<Project ToolsVersion="15.0" xmlns="http://schemas.microsoft.com/developer/msbuild/2003">
  <ItemGroup>
    <ClCompile Include="C:\Users\ADM\Desktop\labs\mp2-lab3-stack\src\tdataroot.cpp">
      <Filter>Source Files</Filter>
    </ClCompile>
    <ClCompile Include="tformula.cpp">
      <Filter>Source Files</Filter>
    </ClCompile>
    <ClCompile Include="tstack.cpp">
      <Filter>Source Files</Filter>
    </ClCompile>
  </ItemGroup>
  <ItemGroup>
    <ClInclude Include="C:\Users\ADM\Desktop\labs\mp2-lab3-stack\include\tdatacom.h">
      <Filter>Header Files</Filter>
    </ClInclude>
    <ClInclude Include="C:\Users\ADM\Desktop\labs\mp2-lab3-stack\include\tdataroot.h">
      <Filter>Header Files</Filter>
    </ClInclude>
    <ClInclude Include="C:\Users\ADM\Desktop\labs\mp2-lab3-stack\include\tformula.h">
      <Filter>Header Files</Filter>
    </ClInclude>
    <ClInclude Include="C:\Users\ADM\Desktop\labs\mp2-lab3-stack\include\tstack.h">
      <Filter>Header Files</Filter>
    </ClInclude>
  </ItemGroup>
  <ItemGroup>
    <CustomBuild Include="C:\Users\ADM\Desktop\labs\mp2-lab3-stack\src\CMakeLists.txt" />
  </ItemGroup>
  <ItemGroup>
    <Filter Include="Header Files">
      <UniqueIdentifier>{741AA4ED-833A-3AEE-B880-B0B7DDCBDA51}</UniqueIdentifier>
    </Filter>
    <Filter Include="Source Files">
      <UniqueIdentifier>{BADBE26D-30F2-3D2C-8DA3-A89E03CD91DA}</UniqueIdentifier>
    </Filter>
  </ItemGroup>
</Project>